# This file is automatically @generated by Cargo.
# It is not intended for manual editing.
[[package]]
name = "bare-metal"
version = "0.2.4"
source = "registry+https://github.com/rust-lang/crates.io-index"
checksum = "a3caf393d93b2d453e80638d0674597020cef3382ada454faacd43d1a55a735a"
dependencies = [
 "rustc_version",
]

[[package]]
name = "bit_field"
version = "0.9.0"
source = "registry+https://github.com/rust-lang/crates.io-index"
checksum = "ed8765909f9009617974ab6b7d332625b320b33c326b1e9321382ef1999b5d56"

[[package]]
name = "bitflags"
version = "1.2.1"
source = "registry+https://github.com/rust-lang/crates.io-index"
checksum = "cf1de2fe8c75bc145a2f577add951f8134889b4795d47466a54a5c846d691693"

[[package]]
name = "buddy_system_allocator"
version = "0.3.9"
source = "registry+https://github.com/rust-lang/crates.io-index"
checksum = "9e953b958d83e13a44b1ead5b6aaa2a5f854bd5170239a66b606e030a14d018f"
dependencies = [
 "rustversion",
 "spin",
]

[[package]]
name = "cfg-if"
version = "0.1.10"
source = "registry+https://github.com/rust-lang/crates.io-index"
checksum = "4785bdd1c96b2a846b2bd7cc02e86b6b3dbf14e7e53446c4f54c92a361040822"

[[package]]
name = "cortex-a"
version = "2.9.0"
source = "git+https://github.com/tonnylyz/cortex-a#c532472796bf22224f29362cef8d548a67b5109c"
dependencies = [
 "register",
]

[[package]]
name = "log"
version = "0.4.8"
source = "registry+https://github.com/rust-lang/crates.io-index"
checksum = "14b6052be84e6b71ab17edffc2eeabf5c2c3ae1fdb464aae35ac50c67a44e1f7"
dependencies = [
 "cfg-if",
]

[[package]]
name = "proc-macro2"
version = "1.0.9"
source = "registry+https://github.com/rust-lang/crates.io-index"
checksum = "6c09721c6781493a2a492a96b5a5bf19b65917fe6728884e7c44dd0c60ca3435"
dependencies = [
 "unicode-xid",
]

[[package]]
name = "quote"
version = "1.0.2"
source = "registry+https://github.com/rust-lang/crates.io-index"
checksum = "053a8c8bcc71fcce321828dc897a98ab9760bef03a4fc36693c231e5b3216cfe"
dependencies = [
 "proc-macro2",
]

[[package]]
name = "register"
version = "0.5.0"
source = "registry+https://github.com/rust-lang/crates.io-index"
checksum = "6e10c2ba523bc81270ecb9b6ca6704f42cd1efec89fddbfe0e520ad0e218f401"
dependencies = [
 "tock-registers",
]

[[package]]
name = "riscv"
version = "0.5.0"
source = "git+https://github.com/rcore-os/riscv#c62af4642b4bd62a8a714119ab061e82be68f80f"
dependencies = [
 "bare-metal",
 "bit_field",
 "bitflags",
 "log",
]

[[package]]
name = "rlibc"
version = "0.1.5"
source = "registry+https://github.com/rust-lang/crates.io-index"
checksum = "4f725fa0be00ed4a869c61f1adb156b629bb6c8d97f2ee4d0644bba1ce33b04b"

[[package]]
name = "rustc_version"
version = "0.2.3"
source = "registry+https://github.com/rust-lang/crates.io-index"
checksum = "138e3e0acb6c9fb258b19b67cb8abd63c00679d2851805ea151465464fe9030a"
dependencies = [
 "semver",
]

[[package]]
name = "rustpi"
version = "0.1.0"
dependencies = [
 "buddy_system_allocator",
 "cortex-a",
 "register",
 "riscv",
 "rlibc",
 "spin",
 "xmas-elf",
]

[[package]]
name = "rustversion"
version = "1.0.2"
source = "registry+https://github.com/rust-lang/crates.io-index"
checksum = "b3bba175698996010c4f6dce5e7f173b6eb781fce25d2cfc45e27091ce0b79f6"
dependencies = [
 "proc-macro2",
 "quote",
 "syn",
]

[[package]]
name = "semver"
version = "0.9.0"
source = "registry+https://github.com/rust-lang/crates.io-index"
checksum = "1d7eb9ef2c18661902cc47e535f9bc51b78acd254da71d375c2f6720d9a40403"
dependencies = [
 "semver-parser",
]

[[package]]
name = "semver-parser"
version = "0.7.0"
source = "registry+https://github.com/rust-lang/crates.io-index"
checksum = "388a1df253eca08550bef6c72392cfe7c30914bf41df5269b68cbd6ff8f570a3"

[[package]]
name = "spin"
version = "0.5.2"
source = "registry+https://github.com/rust-lang/crates.io-index"
checksum = "6e63cff320ae2c57904679ba7cb63280a3dc4613885beafb148ee7bf9aa9042d"

[[package]]
name = "syn"
version = "1.0.16"
source = "registry+https://github.com/rust-lang/crates.io-index"
checksum = "123bd9499cfb380418d509322d7a6d52e5315f064fe4b3ad18a53d6b92c07859"
dependencies = [
 "proc-macro2",
 "quote",
 "unicode-xid",
]

[[package]]
name = "tock-registers"
version = "0.5.0"
source = "registry+https://github.com/rust-lang/crates.io-index"
checksum = "70323afdb8082186c0986da0e10f6e4ed103d681c921c00597e98d9806dac20f"

[[package]]
name = "unicode-xid"
version = "0.2.0"
source = "registry+https://github.com/rust-lang/crates.io-index"
checksum = "826e7639553986605ec5979c7dd957c7895e93eabed50ab2ffa7f6128a75097c"

[[package]]
name = "xmas-elf"
version = "0.7.0"
source = "registry+https://github.com/rust-lang/crates.io-index"
checksum = "e74de9a366f6ab8c405fa6b371d9ac24943921fa14b3d64afcb202065c405f11"
dependencies = [
 "zero",
]

[[package]]
name = "zero"
version = "0.1.2"
source = "registry+https://github.com/rust-lang/crates.io-index"
checksum = "5f1bc8a6b2005884962297587045002d8cfb8dcec9db332f4ca216ddc5de82c5"
